
Microsoft Visual Studio Solution File, Format Version 12.00
# Visual Studio Version 16
VisualStudioVersion = 16.0.29411.108
MinimumVisualStudioVersion = 10.0.40219.1
Project("{2150E333-8FDC-42A3-9474-1A3956D46DE8}") = "Tests", "Tests", "{C75EFE3D-FA55-484C-9FC4-F0DE9065D400}"
EndProject
Project("{2150E333-8FDC-42A3-9474-1A3956D46DE8}") = "IDP", "IDP", "{F447C7AC-F962-4E4F-9DA5-E475D851D32F}"
EndProject
Project("{2150E333-8FDC-42A3-9474-1A3956D46DE8}") = "API", "API", "{E28B13EC-1A88-4D4B-8FC6-AC2A7C5C57DE}"
EndProject
Project("{2150E333-8FDC-42A3-9474-1A3956D46DE8}") = "Client", "Client", "{042927BD-08F7-4AE8-98DF-21F32B14E3C5}"
EndProject
Project("{9A19103F-16F7-4668-BE54-9A1E7A4F7556}") = "Mav.IDP", "Mav.IDP\Mav.IDP.csproj", "{3926738A-F78E-431A-87B8-D7D62AFB50CB}"
EndProject
Project("{9A19103F-16F7-4668-BE54-9A1E7A4F7556}") = "Mav.API", "Mav.API\Mav.API.csproj", "{D2B9931E-3967-4E0E-8371-8C2AD9931076}"
EndProject
Project("{9A19103F-16F7-4668-BE54-9A1E7A4F7556}") = "JsClient", "JsClient\JsClient.csproj", "{86600D64-8C30-44C6-B383-D1A77EF77034}"
EndProject
Project("{2150E333-8FDC-42A3-9474-1A3956D46DE8}") = "Shared", "Shared", "{89FFEC40-20D5-4361-B0CB-3A208F61315C}"
EndProject
Project("{9A19103F-16F7-4668-BE54-9A1E7A4F7556}") = "Mav.Data", "Mav.Data\Mav.Data.csproj", "{CC9CCEB6-A921-4634-9098-39E29A67875E}"
EndProject
Project("{9A19103F-16F7-4668-BE54-9A1E7A4F7556}") = "Mav.Web", "Mav.Web\Mav.Web.csproj", "{6B17837B-2F78-4614-9E0F-1F2B037AE6DF}"
EndProject
Project("{9A19103F-16F7-4668-BE54-9A1E7A4F7556}") = "Mav.Services", "Mav.Services\Mav.Services.csproj", "{94A4E7A0-660B-4818-8F76-4F2C865E440A}"
EndProject
Project("{9A19103F-16F7-4668-BE54-9A1E7A4F7556}") = "Mav.Models", "Mav.Models\Mav.Models.csproj", "{8C65A34A-DC60-4983-8132-3D858EF92E42}"
EndProject
Project("{9A19103F-16F7-4668-BE54-9A1E7A4F7556}") = "Mav.Common", "Mav.Common\Mav.Common.csproj", "{862FCC37-C3BB-4E92-B2BC-6E3F15AF08A0}"
EndProject
Project("{9A19103F-16F7-4668-BE54-9A1E7A4F7556}") = "Mav.Services.Identity", "Mav.Services.Identity\Mav.Services.Identity.csproj", "{868D5D73-06A7-47F5-B8EF-1EE4DFE924D3}"
EndProject
Project("{9A19103F-16F7-4668-BE54-9A1E7A4F7556}") = "Mav.Services.Test", "Mav.Services.Test\Mav.Services.Test.csproj", "{E4C2F97B-879B-4E60-B82B-7E8ADFCE98BA}"
EndProject
Global
	GlobalSection(SolutionConfigurationPlatforms) = preSolution
		Debug|Any CPU = Debug|Any CPU
		Release|Any CPU = Release|Any CPU
	EndGlobalSection
	GlobalSection(ProjectConfigurationPlatforms) = postSolution
		{3926738A-F78E-431A-87B8-D7D62AFB50CB}.Debug|Any CPU.ActiveCfg = Debug|Any CPU
		{3926738A-F78E-431A-87B8-D7D62AFB50CB}.Debug|Any CPU.Build.0 = Debug|Any CPU
		{3926738A-F78E-431A-87B8-D7D62AFB50CB}.Release|Any CPU.ActiveCfg = Release|Any CPU
		{3926738A-F78E-431A-87B8-D7D62AFB50CB}.Release|Any CPU.Build.0 = Release|Any CPU
		{D2B9931E-3967-4E0E-8371-8C2AD9931076}.Debug|Any CPU.ActiveCfg = Debug|Any CPU
		{D2B9931E-3967-4E0E-8371-8C2AD9931076}.Debug|Any CPU.Build.0 = Debug|Any CPU
		{D2B9931E-3967-4E0E-8371-8C2AD9931076}.Release|Any CPU.ActiveCfg = Release|Any CPU
		{D2B9931E-3967-4E0E-8371-8C2AD9931076}.Release|Any CPU.Build.0 = Release|Any CPU
		{86600D64-8C30-44C6-B383-D1A77EF77034}.Debug|Any CPU.ActiveCfg = Debug|Any CPU
		{86600D64-8C30-44C6-B383-D1A77EF77034}.Debug|Any CPU.Build.0 = Debug|Any CPU
		{86600D64-8C30-44C6-B383-D1A77EF77034}.Release|Any CPU.ActiveCfg = Release|Any CPU
		{86600D64-8C30-44C6-B383-D1A77EF77034}.Release|Any CPU.Build.0 = Release|Any CPU
		{CC9CCEB6-A921-4634-9098-39E29A67875E}.Debug|Any CPU.ActiveCfg = Debug|Any CPU
		{CC9CCEB6-A921-4634-9098-39E29A67875E}.Debug|Any CPU.Build.0 = Debug|Any CPU
		{CC9CCEB6-A921-4634-9098-39E29A67875E}.Release|Any CPU.ActiveCfg = Release|Any CPU
		{CC9CCEB6-A921-4634-9098-39E29A67875E}.Release|Any CPU.Build.0 = Release|Any CPU
		{6B17837B-2F78-4614-9E0F-1F2B037AE6DF}.Debug|Any CPU.ActiveCfg = Debug|Any CPU
		{6B17837B-2F78-4614-9E0F-1F2B037AE6DF}.Debug|Any CPU.Build.0 = Debug|Any CPU
		{6B17837B-2F78-4614-9E0F-1F2B037AE6DF}.Release|Any CPU.ActiveCfg = Release|Any CPU
		{6B17837B-2F78-4614-9E0F-1F2B037AE6DF}.Release|Any CPU.Build.0 = Release|Any CPU
		{94A4E7A0-660B-4818-8F76-4F2C865E440A}.Debug|Any CPU.ActiveCfg = Debug|Any CPU
		{94A4E7A0-660B-4818-8F76-4F2C865E440A}.Debug|Any CPU.Build.0 = Debug|Any CPU
		{94A4E7A0-660B-4818-8F76-4F2C865E440A}.Release|Any CPU.ActiveCfg = Release|Any CPU
		{94A4E7A0-660B-4818-8F76-4F2C865E440A}.Release|Any CPU.Build.0 = Release|Any CPU
		{8C65A34A-DC60-4983-8132-3D858EF92E42}.Debug|Any CPU.ActiveCfg = Debug|Any CPU
		{8C65A34A-DC60-4983-8132-3D858EF92E42}.Debug|Any CPU.Build.0 = Debug|Any CPU
		{8C65A34A-DC60-4983-8132-3D858EF92E42}.Release|Any CPU.ActiveCfg = Release|Any CPU
		{8C65A34A-DC60-4983-8132-3D858EF92E42}.Release|Any CPU.Build.0 = Release|Any CPU
		{862FCC37-C3BB-4E92-B2BC-6E3F15AF08A0}.Debug|Any CPU.ActiveCfg = Debug|Any CPU
		{862FCC37-C3BB-4E92-B2BC-6E3F15AF08A0}.Debug|Any CPU.Build.0 = Debug|Any CPU
		{862FCC37-C3BB-4E92-B2BC-6E3F15AF08A0}.Release|Any CPU.ActiveCfg = Release|Any CPU
		{862FCC37-C3BB-4E92-B2BC-6E3F15AF08A0}.Release|Any CPU.Build.0 = Release|Any CPU
		{868D5D73-06A7-47F5-B8EF-1EE4DFE924D3}.Debug|Any CPU.ActiveCfg = Debug|Any CPU
		{868D5D73-06A7-47F5-B8EF-1EE4DFE924D3}.Debug|Any CPU.Build.0 = Debug|Any CPU
		{868D5D73-06A7-47F5-B8EF-1EE4DFE924D3}.Release|Any CPU.ActiveCfg = Release|Any CPU
		{868D5D73-06A7-47F5-B8EF-1EE4DFE924D3}.Release|Any CPU.Build.0 = Release|Any CPU
		{E4C2F97B-879B-4E60-B82B-7E8ADFCE98BA}.Debug|Any CPU.ActiveCfg = Debug|Any CPU
		{E4C2F97B-879B-4E60-B82B-7E8ADFCE98BA}.Debug|Any CPU.Build.0 = Debug|Any CPU
		{E4C2F97B-879B-4E60-B82B-7E8ADFCE98BA}.Release|Any CPU.ActiveCfg = Release|Any CPU
		{E4C2F97B-879B-4E60-B82B-7E8ADFCE98BA}.Release|Any CPU.Build.0 = Release|Any CPU
	EndGlobalSection
	GlobalSection(SolutionProperties) = preSolution
		HideSolutionNode = FALSE
	EndGlobalSection
	GlobalSection(NestedProjects) = preSolution
		{3926738A-F78E-431A-87B8-D7D62AFB50CB} = {F447C7AC-F962-4E4F-9DA5-E475D851D32F}
		{D2B9931E-3967-4E0E-8371-8C2AD9931076} = {E28B13EC-1A88-4D4B-8FC6-AC2A7C5C57DE}
		{86600D64-8C30-44C6-B383-D1A77EF77034} = {C75EFE3D-FA55-484C-9FC4-F0DE9065D400}
		{CC9CCEB6-A921-4634-9098-39E29A67875E} = {89FFEC40-20D5-4361-B0CB-3A208F61315C}
		{6B17837B-2F78-4614-9E0F-1F2B037AE6DF} = {042927BD-08F7-4AE8-98DF-21F32B14E3C5}
		{94A4E7A0-660B-4818-8F76-4F2C865E440A} = {E28B13EC-1A88-4D4B-8FC6-AC2A7C5C57DE}
		{8C65A34A-DC60-4983-8132-3D858EF92E42} = {89FFEC40-20D5-4361-B0CB-3A208F61315C}
		{862FCC37-C3BB-4E92-B2BC-6E3F15AF08A0} = {89FFEC40-20D5-4361-B0CB-3A208F61315C}
		{868D5D73-06A7-47F5-B8EF-1EE4DFE924D3} = {89FFEC40-20D5-4361-B0CB-3A208F61315C}
		{E4C2F97B-879B-4E60-B82B-7E8ADFCE98BA} = {C75EFE3D-FA55-484C-9FC4-F0DE9065D400}
	EndGlobalSection
	GlobalSection(ExtensibilityGlobals) = postSolution
		SolutionGuid = {89045FC7-8C7F-4DB7-8C14-627DCE6C524C}
	EndGlobalSection
EndGlobal
